
Microsoft Visual Studio Solution File, Format Version 12.00
# Visual Studio Version 17
VisualStudioVersion = 17.11.35327.3
MinimumVisualStudioVersion = 10.0.40219.1
Project("{FAE04EC0-301F-11D3-BF4B-00C04F79EFBC}") = "methods.1", "methods.1\methods.1.csproj", "{B14257DC-06A2-4139-AF0C-E04D15B7776C}"
EndProject
Global
	GlobalSection(SolutionConfigurationPlatforms) = preSolution
		Debug|Any CPU = Debug|Any CPU
		Release|Any CPU = Release|Any CPU
	EndGlobalSection
	GlobalSection(ProjectConfigurationPlatforms) = postSolution
		{B14257DC-06A2-4139-AF0C-E04D15B7776C}.Debug|Any CPU.ActiveCfg = Debug|Any CPU
		{B14257DC-06A2-4139-AF0C-E04D15B7776C}.Debug|Any CPU.Build.0 = Debug|Any CPU
		{B14257DC-06A2-4139-AF0C-E04D15B7776C}.Release|Any CPU.ActiveCfg = Release|Any CPU
		{B14257DC-06A2-4139-AF0C-E04D15B7776C}.Release|Any CPU.Build.0 = Release|Any CPU
	EndGlobalSection
	GlobalSection(SolutionProperties) = preSolution
		HideSolutionNode = FALSE
	EndGlobalSection
	GlobalSection(ExtensibilityGlobals) = postSolution
		SolutionGuid = {9E3505CD-51BD-442E-8E8B-E075A25C5409}
	EndGlobalSection
EndGlobal
