
Microsoft Visual Studio Solution File, Format Version 12.00
# Visual Studio Version 17
VisualStudioVersion = 17.11.35327.3
MinimumVisualStudioVersion = 10.0.40219.1
Project("{FAE04EC0-301F-11D3-BF4B-00C04F79EFBC}") = "Constructor.project", "Constructor.project\Constructor.project.csproj", "{A7AB46D0-5E22-4942-96FA-E4F55CA3B379}"
EndProject
Global
	GlobalSection(SolutionConfigurationPlatforms) = preSolution
		Debug|Any CPU = Debug|Any CPU
		Release|Any CPU = Release|Any CPU
	EndGlobalSection
	GlobalSection(ProjectConfigurationPlatforms) = postSolution
		{A7AB46D0-5E22-4942-96FA-E4F55CA3B379}.Debug|Any CPU.ActiveCfg = Debug|Any CPU
		{A7AB46D0-5E22-4942-96FA-E4F55CA3B379}.Debug|Any CPU.Build.0 = Debug|Any CPU
		{A7AB46D0-5E22-4942-96FA-E4F55CA3B379}.Release|Any CPU.ActiveCfg = Release|Any CPU
		{A7AB46D0-5E22-4942-96FA-E4F55CA3B379}.Release|Any CPU.Build.0 = Release|Any CPU
	EndGlobalSection
	GlobalSection(SolutionProperties) = preSolution
		HideSolutionNode = FALSE
	EndGlobalSection
	GlobalSection(ExtensibilityGlobals) = postSolution
		SolutionGuid = {054DF8A8-A0A5-4523-BB8C-8D462B197B1B}
	EndGlobalSection
EndGlobal
