
Microsoft Visual Studio Solution File, Format Version 12.00
# Visual Studio Version 17
VisualStudioVersion = 17.11.35327.3
MinimumVisualStudioVersion = 10.0.40219.1
Project("{FAE04EC0-301F-11D3-BF4B-00C04F79EFBC}") = "conv&cast.p", "conv&cast.p\conv&cast.p.csproj", "{3D997473-1CD4-4185-8290-4E3CED839D8E}"
EndProject
Global
	GlobalSection(SolutionConfigurationPlatforms) = preSolution
		Debug|Any CPU = Debug|Any CPU
		Release|Any CPU = Release|Any CPU
	EndGlobalSection
	GlobalSection(ProjectConfigurationPlatforms) = postSolution
		{3D997473-1CD4-4185-8290-4E3CED839D8E}.Debug|Any CPU.ActiveCfg = Debug|Any CPU
		{3D997473-1CD4-4185-8290-4E3CED839D8E}.Debug|Any CPU.Build.0 = Debug|Any CPU
		{3D997473-1CD4-4185-8290-4E3CED839D8E}.Release|Any CPU.ActiveCfg = Release|Any CPU
		{3D997473-1CD4-4185-8290-4E3CED839D8E}.Release|Any CPU.Build.0 = Release|Any CPU
	EndGlobalSection
	GlobalSection(SolutionProperties) = preSolution
		HideSolutionNode = FALSE
	EndGlobalSection
	GlobalSection(ExtensibilityGlobals) = postSolution
		SolutionGuid = {CECB3B7D-7A12-4E79-B676-190FEA458D65}
	EndGlobalSection
EndGlobal
