
Microsoft Visual Studio Solution File, Format Version 12.00
# Visual Studio Version 17
VisualStudioVersion = 17.11.35327.3
MinimumVisualStudioVersion = 10.0.40219.1
Project("{FAE04EC0-301F-11D3-BF4B-00C04F79EFBC}") = "Delgate.project", "Delgate.project\Delgate.project.csproj", "{E03986E9-B517-4E40-BB4D-4764FD555CA5}"
EndProject
Global
	GlobalSection(SolutionConfigurationPlatforms) = preSolution
		Debug|Any CPU = Debug|Any CPU
		Release|Any CPU = Release|Any CPU
	EndGlobalSection
	GlobalSection(ProjectConfigurationPlatforms) = postSolution
		{E03986E9-B517-4E40-BB4D-4764FD555CA5}.Debug|Any CPU.ActiveCfg = Debug|Any CPU
		{E03986E9-B517-4E40-BB4D-4764FD555CA5}.Debug|Any CPU.Build.0 = Debug|Any CPU
		{E03986E9-B517-4E40-BB4D-4764FD555CA5}.Release|Any CPU.ActiveCfg = Release|Any CPU
		{E03986E9-B517-4E40-BB4D-4764FD555CA5}.Release|Any CPU.Build.0 = Release|Any CPU
	EndGlobalSection
	GlobalSection(SolutionProperties) = preSolution
		HideSolutionNode = FALSE
	EndGlobalSection
	GlobalSection(ExtensibilityGlobals) = postSolution
		SolutionGuid = {9E145052-A14F-41E4-8BD6-47B803452E9B}
	EndGlobalSection
EndGlobal
